
Microsoft Visual Studio Solution File, Format Version 12.00
# Visual Studio 2012
Project("{FAE04EC0-301F-11D3-BF4B-00C04F79EFBC}") = "Mouse", "Mouse\Mouse.csproj", "{179CA0AC-7270-4E03-ADFB-F419F93174BE}"
EndProject
Global
	GlobalSection(SolutionConfigurationPlatforms) = preSolution
		Debug|Any CPU = Debug|Any CPU
		Release|Any CPU = Release|Any CPU
	EndGlobalSection
	GlobalSection(ProjectConfigurationPlatforms) = postSolution
		{179CA0AC-7270-4E03-ADFB-F419F93174BE}.Debug|Any CPU.ActiveCfg = Debug|Any CPU
		{179CA0AC-7270-4E03-ADFB-F419F93174BE}.Debug|Any CPU.Build.0 = Debug|Any CPU
		{179CA0AC-7270-4E03-ADFB-F419F93174BE}.Release|Any CPU.ActiveCfg = Release|Any CPU
		{179CA0AC-7270-4E03-ADFB-F419F93174BE}.Release|Any CPU.Build.0 = Release|Any CPU
	EndGlobalSection
	GlobalSection(SolutionProperties) = preSolution
		HideSolutionNode = FALSE
	EndGlobalSection
EndGlobal
