
Microsoft Visual Studio Solution File, Format Version 12.00
# Visual Studio 2012
Project("{8BC9CEB8-8B4A-11D0-8D11-00A0C91BC942}") = "LearningOOP1", "LearningOOP1\LearningOOP1.vcxproj", "{262C680F-4868-47CC-AF06-D5CCFD41E879}"
EndProject
Global
	GlobalSection(SolutionConfigurationPlatforms) = preSolution
		Debug|Win32 = Debug|Win32
		Release|Win32 = Release|Win32
	EndGlobalSection
	GlobalSection(ProjectConfigurationPlatforms) = postSolution
		{262C680F-4868-47CC-AF06-D5CCFD41E879}.Debug|Win32.ActiveCfg = Debug|Win32
		{262C680F-4868-47CC-AF06-D5CCFD41E879}.Debug|Win32.Build.0 = Debug|Win32
		{262C680F-4868-47CC-AF06-D5CCFD41E879}.Release|Win32.ActiveCfg = Release|Win32
		{262C680F-4868-47CC-AF06-D5CCFD41E879}.Release|Win32.Build.0 = Release|Win32
	EndGlobalSection
	GlobalSection(SolutionProperties) = preSolution
		HideSolutionNode = FALSE
	EndGlobalSection
EndGlobal
